
Microsoft Visual Studio Solution File, Format Version 12.00
# Visual Studio Version 16
VisualStudioVersion = 16.0.33801.447
MinimumVisualStudioVersion = 10.0.40219.1
Project("{FAE04EC0-301F-11D3-BF4B-00C04F79EFBC}") = "CampIntro", "CampIntro\CampIntro.csproj", "{D83AB1B6-6A9B-47E6-86B2-9E5D3A139B51}"
EndProject
Project("{FAE04EC0-301F-11D3-BF4B-00C04F79EFBC}") = "Loops", "Loops\Loops.csproj", "{12FE8DFA-B373-4B68-8936-1613245CACCE}"
EndProject
Project("{FAE04EC0-301F-11D3-BF4B-00C04F79EFBC}") = "classes", "classes\classes.csproj", "{A00CFEBB-7C4D-4DAC-BC71-9AECE45FD9FF}"
EndProject
Project("{FAE04EC0-301F-11D3-BF4B-00C04F79EFBC}") = "Methods", "Methods\Methods.csproj", "{BB0B43BF-DC26-441D-93AC-AD71E7F41961}"
EndProject
Project("{FAE04EC0-301F-11D3-BF4B-00C04F79EFBC}") = "Mathematics", "Mathematics\Mathematics.csproj", "{692B566C-B5CB-49BE-B16D-7DED213DAAAA}"
EndProject
Project("{FAE04EC0-301F-11D3-BF4B-00C04F79EFBC}") = "ValueAndReferenceTypes", "ValueAndReferenceTypes\ValueAndReferenceTypes.csproj", "{3B9B16FE-3A69-43DE-A6B2-E21FD229874A}"
EndProject
Project("{FAE04EC0-301F-11D3-BF4B-00C04F79EFBC}") = "ClassMetotDemo", "ClassMetotDemo\ClassMetotDemo.csproj", "{1F260E0F-67CC-4268-91C9-753AB01230B3}"
EndProject
Project("{FAE04EC0-301F-11D3-BF4B-00C04F79EFBC}") = "OOP1", "OOP\OOP1.csproj", "{CEB95556-59F5-436F-8F01-8C7369F78E5D}"
EndProject
Project("{FAE04EC0-301F-11D3-BF4B-00C04F79EFBC}") = "Collections", "Collections\Collections.csproj", "{F1F2512D-E1D9-4830-92ED-92DF0B08D6E2}"
EndProject
Project("{FAE04EC0-301F-11D3-BF4B-00C04F79EFBC}") = "GenericsIntro", "GenericsIntro\GenericsIntro.csproj", "{0E7E6958-82D3-4AB1-AD51-BBDF78D07089}"
EndProject
Project("{FAE04EC0-301F-11D3-BF4B-00C04F79EFBC}") = "HW", "HW\HW.csproj", "{EA8A3263-7F6B-4D45-AFB9-702112A672CD}"
EndProject
Project("{FAE04EC0-301F-11D3-BF4B-00C04F79EFBC}") = "Mydictionary", "Mydictionary\Mydictionary.csproj", "{27C423E3-81F7-427B-9A95-3B5DA70295A9}"
EndProject
Project("{FAE04EC0-301F-11D3-BF4B-00C04F79EFBC}") = "OOP2", "OOP2\OOP2.csproj", "{00536202-ACDC-47EF-8AC8-0B5C61C5A930}"
EndProject
Project("{FAE04EC0-301F-11D3-BF4B-00C04F79EFBC}") = "OOP3", "ConsoleApp3\OOP3.csproj", "{85C27251-1EF7-4783-85B0-0A9706B5A7A9}"
EndProject
Project("{FAE04EC0-301F-11D3-BF4B-00C04F79EFBC}") = "ReCapDemo1", "ReCapDemo1\ReCapDemo1.csproj", "{70784E9A-A862-4D8D-B348-BB93D9E6AE9B}"
EndProject
Project("{FAE04EC0-301F-11D3-BF4B-00C04F79EFBC}") = "GameProjectt", "GameProjectt\GameProjectt.csproj", "{70AF0A4B-3402-4A65-89A3-55131ECA1E92}"
EndProject
Global
	GlobalSection(SolutionConfigurationPlatforms) = preSolution
		Debug|Any CPU = Debug|Any CPU
		Release|Any CPU = Release|Any CPU
	EndGlobalSection
	GlobalSection(ProjectConfigurationPlatforms) = postSolution
		{D83AB1B6-6A9B-47E6-86B2-9E5D3A139B51}.Debug|Any CPU.ActiveCfg = Debug|Any CPU
		{D83AB1B6-6A9B-47E6-86B2-9E5D3A139B51}.Debug|Any CPU.Build.0 = Debug|Any CPU
		{D83AB1B6-6A9B-47E6-86B2-9E5D3A139B51}.Release|Any CPU.ActiveCfg = Release|Any CPU
		{D83AB1B6-6A9B-47E6-86B2-9E5D3A139B51}.Release|Any CPU.Build.0 = Release|Any CPU
		{12FE8DFA-B373-4B68-8936-1613245CACCE}.Debug|Any CPU.ActiveCfg = Debug|Any CPU
		{12FE8DFA-B373-4B68-8936-1613245CACCE}.Debug|Any CPU.Build.0 = Debug|Any CPU
		{12FE8DFA-B373-4B68-8936-1613245CACCE}.Release|Any CPU.ActiveCfg = Release|Any CPU
		{12FE8DFA-B373-4B68-8936-1613245CACCE}.Release|Any CPU.Build.0 = Release|Any CPU
		{A00CFEBB-7C4D-4DAC-BC71-9AECE45FD9FF}.Debug|Any CPU.ActiveCfg = Debug|Any CPU
		{A00CFEBB-7C4D-4DAC-BC71-9AECE45FD9FF}.Debug|Any CPU.Build.0 = Debug|Any CPU
		{A00CFEBB-7C4D-4DAC-BC71-9AECE45FD9FF}.Release|Any CPU.ActiveCfg = Release|Any CPU
		{A00CFEBB-7C4D-4DAC-BC71-9AECE45FD9FF}.Release|Any CPU.Build.0 = Release|Any CPU
		{BB0B43BF-DC26-441D-93AC-AD71E7F41961}.Debug|Any CPU.ActiveCfg = Debug|Any CPU
		{BB0B43BF-DC26-441D-93AC-AD71E7F41961}.Debug|Any CPU.Build.0 = Debug|Any CPU
		{BB0B43BF-DC26-441D-93AC-AD71E7F41961}.Release|Any CPU.ActiveCfg = Release|Any CPU
		{BB0B43BF-DC26-441D-93AC-AD71E7F41961}.Release|Any CPU.Build.0 = Release|Any CPU
		{692B566C-B5CB-49BE-B16D-7DED213DAAAA}.Debug|Any CPU.ActiveCfg = Debug|Any CPU
		{692B566C-B5CB-49BE-B16D-7DED213DAAAA}.Debug|Any CPU.Build.0 = Debug|Any CPU
		{692B566C-B5CB-49BE-B16D-7DED213DAAAA}.Release|Any CPU.ActiveCfg = Release|Any CPU
		{692B566C-B5CB-49BE-B16D-7DED213DAAAA}.Release|Any CPU.Build.0 = Release|Any CPU
		{3B9B16FE-3A69-43DE-A6B2-E21FD229874A}.Debug|Any CPU.ActiveCfg = Debug|Any CPU
		{3B9B16FE-3A69-43DE-A6B2-E21FD229874A}.Debug|Any CPU.Build.0 = Debug|Any CPU
		{3B9B16FE-3A69-43DE-A6B2-E21FD229874A}.Release|Any CPU.ActiveCfg = Release|Any CPU
		{3B9B16FE-3A69-43DE-A6B2-E21FD229874A}.Release|Any CPU.Build.0 = Release|Any CPU
		{1F260E0F-67CC-4268-91C9-753AB01230B3}.Debug|Any CPU.ActiveCfg = Debug|Any CPU
		{1F260E0F-67CC-4268-91C9-753AB01230B3}.Debug|Any CPU.Build.0 = Debug|Any CPU
		{1F260E0F-67CC-4268-91C9-753AB01230B3}.Release|Any CPU.ActiveCfg = Release|Any CPU
		{1F260E0F-67CC-4268-91C9-753AB01230B3}.Release|Any CPU.Build.0 = Release|Any CPU
		{CEB95556-59F5-436F-8F01-8C7369F78E5D}.Debug|Any CPU.ActiveCfg = Debug|Any CPU
		{CEB95556-59F5-436F-8F01-8C7369F78E5D}.Debug|Any CPU.Build.0 = Debug|Any CPU
		{CEB95556-59F5-436F-8F01-8C7369F78E5D}.Release|Any CPU.ActiveCfg = Release|Any CPU
		{CEB95556-59F5-436F-8F01-8C7369F78E5D}.Release|Any CPU.Build.0 = Release|Any CPU
		{F1F2512D-E1D9-4830-92ED-92DF0B08D6E2}.Debug|Any CPU.ActiveCfg = Debug|Any CPU
		{F1F2512D-E1D9-4830-92ED-92DF0B08D6E2}.Debug|Any CPU.Build.0 = Debug|Any CPU
		{F1F2512D-E1D9-4830-92ED-92DF0B08D6E2}.Release|Any CPU.ActiveCfg = Release|Any CPU
		{F1F2512D-E1D9-4830-92ED-92DF0B08D6E2}.Release|Any CPU.Build.0 = Release|Any CPU
		{0E7E6958-82D3-4AB1-AD51-BBDF78D07089}.Debug|Any CPU.ActiveCfg = Debug|Any CPU
		{0E7E6958-82D3-4AB1-AD51-BBDF78D07089}.Debug|Any CPU.Build.0 = Debug|Any CPU
		{0E7E6958-82D3-4AB1-AD51-BBDF78D07089}.Release|Any CPU.ActiveCfg = Release|Any CPU
		{0E7E6958-82D3-4AB1-AD51-BBDF78D07089}.Release|Any CPU.Build.0 = Release|Any CPU
		{EA8A3263-7F6B-4D45-AFB9-702112A672CD}.Debug|Any CPU.ActiveCfg = Debug|Any CPU
		{EA8A3263-7F6B-4D45-AFB9-702112A672CD}.Debug|Any CPU.Build.0 = Debug|Any CPU
		{EA8A3263-7F6B-4D45-AFB9-702112A672CD}.Release|Any CPU.ActiveCfg = Release|Any CPU
		{EA8A3263-7F6B-4D45-AFB9-702112A672CD}.Release|Any CPU.Build.0 = Release|Any CPU
		{27C423E3-81F7-427B-9A95-3B5DA70295A9}.Debug|Any CPU.ActiveCfg = Debug|Any CPU
		{27C423E3-81F7-427B-9A95-3B5DA70295A9}.Debug|Any CPU.Build.0 = Debug|Any CPU
		{27C423E3-81F7-427B-9A95-3B5DA70295A9}.Release|Any CPU.ActiveCfg = Release|Any CPU
		{27C423E3-81F7-427B-9A95-3B5DA70295A9}.Release|Any CPU.Build.0 = Release|Any CPU
		{00536202-ACDC-47EF-8AC8-0B5C61C5A930}.Debug|Any CPU.ActiveCfg = Debug|Any CPU
		{00536202-ACDC-47EF-8AC8-0B5C61C5A930}.Debug|Any CPU.Build.0 = Debug|Any CPU
		{00536202-ACDC-47EF-8AC8-0B5C61C5A930}.Release|Any CPU.ActiveCfg = Release|Any CPU
		{00536202-ACDC-47EF-8AC8-0B5C61C5A930}.Release|Any CPU.Build.0 = Release|Any CPU
		{85C27251-1EF7-4783-85B0-0A9706B5A7A9}.Debug|Any CPU.ActiveCfg = Debug|Any CPU
		{85C27251-1EF7-4783-85B0-0A9706B5A7A9}.Debug|Any CPU.Build.0 = Debug|Any CPU
		{85C27251-1EF7-4783-85B0-0A9706B5A7A9}.Release|Any CPU.ActiveCfg = Release|Any CPU
		{85C27251-1EF7-4783-85B0-0A9706B5A7A9}.Release|Any CPU.Build.0 = Release|Any CPU
		{70784E9A-A862-4D8D-B348-BB93D9E6AE9B}.Debug|Any CPU.ActiveCfg = Debug|Any CPU
		{70784E9A-A862-4D8D-B348-BB93D9E6AE9B}.Debug|Any CPU.Build.0 = Debug|Any CPU
		{70784E9A-A862-4D8D-B348-BB93D9E6AE9B}.Release|Any CPU.ActiveCfg = Release|Any CPU
		{70784E9A-A862-4D8D-B348-BB93D9E6AE9B}.Release|Any CPU.Build.0 = Release|Any CPU
		{70AF0A4B-3402-4A65-89A3-55131ECA1E92}.Debug|Any CPU.ActiveCfg = Debug|Any CPU
		{70AF0A4B-3402-4A65-89A3-55131ECA1E92}.Debug|Any CPU.Build.0 = Debug|Any CPU
		{70AF0A4B-3402-4A65-89A3-55131ECA1E92}.Release|Any CPU.ActiveCfg = Release|Any CPU
		{70AF0A4B-3402-4A65-89A3-55131ECA1E92}.Release|Any CPU.Build.0 = Release|Any CPU
	EndGlobalSection
	GlobalSection(SolutionProperties) = preSolution
		HideSolutionNode = FALSE
	EndGlobalSection
	GlobalSection(ExtensibilityGlobals) = postSolution
		SolutionGuid = {9D55BD25-10D3-4F6B-8960-F76CF3A69EB8}
	EndGlobalSection
EndGlobal
